# This file was autogenerated by Stack.
# You should not edit this file by hand.
# For more information, please see the documentation at:
#   https://docs.haskellstack.org/en/stable/lock_files

packages:
- completed:
    hackage: summer-0.3.4.0@sha256:7b5257313ff06e51ccb77f941293ccc36b07cf914b1fc3c055ef508e63f5a8e6,1112
    pantry-tree:
      size: 482
      sha256: 695220f7cbb9ede6946e98bcb479ca9740a1f693301cf07fd3091e9b396c9581
  original:
    hackage: summer-0.3.4.0
snapshots:
- completed:
    size: 580406
    url: https://raw.githubusercontent.com/commercialhaskell/stackage-snapshots/master/nightly/2021/9/8.yaml
    sha256: 0825542fc6eebc0f610a33b567cedcb014f5c083bc6d729c75970ebb087db0fd
  original: nightly-2021-09-08
